
Microsoft Visual Studio Solution File, Format Version 12.00
# Visual Studio Version 17
VisualStudioVersion = 17.9.34714.143
MinimumVisualStudioVersion = 10.0.40219.1
Project("{9A19103F-16F7-4668-BE54-9A1E7A4F7556}") = "TestProject1", "TestProject1\TestProject1.csproj", "{B99D6944-042B-4BB7-A2AE-DDB0F363612E}"
EndProject
Project("{2150E333-8FDC-42A3-9474-1A3956D46DE8}") = "Solution Items", "Solution Items", "{524860C2-C5E9-4F19-99B7-DDED94F7A4EF}"
	ProjectSection(SolutionItems) = preProject
		.runsettings = .runsettings
	EndProjectSection
EndProject
Global
	GlobalSection(SolutionConfigurationPlatforms) = preSolution
		Debug|Any CPU = Debug|Any CPU
		Release|Any CPU = Release|Any CPU
	EndGlobalSection
	GlobalSection(ProjectConfigurationPlatforms) = postSolution
		{B99D6944-042B-4BB7-A2AE-DDB0F363612E}.Debug|Any CPU.ActiveCfg = Debug|Any CPU
		{B99D6944-042B-4BB7-A2AE-DDB0F363612E}.Debug|Any CPU.Build.0 = Debug|Any CPU
		{B99D6944-042B-4BB7-A2AE-DDB0F363612E}.Release|Any CPU.ActiveCfg = Release|Any CPU
		{B99D6944-042B-4BB7-A2AE-DDB0F363612E}.Release|Any CPU.Build.0 = Release|Any CPU
	EndGlobalSection
	GlobalSection(SolutionProperties) = preSolution
		HideSolutionNode = FALSE
	EndGlobalSection
	GlobalSection(ExtensibilityGlobals) = postSolution
		SolutionGuid = {A13233CB-EC36-4850-ADE0-BE369D0DC026}
	EndGlobalSection
EndGlobal
